// !$*UTF8*$!
{
	archiveVersion = 1;
	classes = {
	};
	objectVersion = 50;
	objects = {

/* Begin PBXBuildFile section */
		BB91B272BED9BF436CA19669 /* Pods_Hood.framework in Frameworks */ = {isa = PBXBuildFile; fileRef = BE854904FC67B43A89D2D976 /* Pods_Hood.framework */; };
		BD011732235B6A4200C6AE0E /* ProfileVC.swift in Sources */ = {isa = PBXBuildFile; fileRef = BD011730235B6A4200C6AE0E /* ProfileVC.swift */; };
		BD011733235B6A4200C6AE0E /* ProfileVC.xib in Resources */ = {isa = PBXBuildFile; fileRef = BD011731235B6A4200C6AE0E /* ProfileVC.xib */; };
		BD4633FD2342734000655FFB /* RoundedButton.swift in Sources */ = {isa = PBXBuildFile; fileRef = BD4633FC2342734000655FFB /* RoundedButton.swift */; };
		BD4633FF2347BD6F00655FFB /* UserDataService.swift in Sources */ = {isa = PBXBuildFile; fileRef = BD4633FE2347BD6F00655FFB /* UserDataService.swift */; };
		BD4634012347D19900655FFB /* AvatarControllerVC.swift in Sources */ = {isa = PBXBuildFile; fileRef = BD4634002347D19900655FFB /* AvatarControllerVC.swift */; };
		BD4634032348561000655FFB /* AvatarCell.swift in Sources */ = {isa = PBXBuildFile; fileRef = BD4634022348561000655FFB /* AvatarCell.swift */; };
		BD6A3559235E3CF90024A876 /* MessageService.swift in Sources */ = {isa = PBXBuildFile; fileRef = BD6A3558235E3CF90024A876 /* MessageService.swift */; };
		BD6A355B235E3D2B0024A876 /* Channel.swift in Sources */ = {isa = PBXBuildFile; fileRef = BD6A355A235E3D2B0024A876 /* Channel.swift */; };
		BD6A355D235F4B4A0024A876 /* ChannelCell.swift in Sources */ = {isa = PBXBuildFile; fileRef = BD6A355C235F4B4A0024A876 /* ChannelCell.swift */; };
		BD6A3566235F66E30024A876 /* AddChannelVC.swift in Sources */ = {isa = PBXBuildFile; fileRef = BD6A3564235F66E30024A876 /* AddChannelVC.swift */; };
		BD6A3567235F66E30024A876 /* AddChannelVC.xib in Resources */ = {isa = PBXBuildFile; fileRef = BD6A3565235F66E30024A876 /* AddChannelVC.xib */; };
		BD6A3569236434E80024A876 /* SocketService.swift in Sources */ = {isa = PBXBuildFile; fileRef = BD6A3568236434E80024A876 /* SocketService.swift */; };
		BDAEBDBA23425EF700EE5A22 /* AuthService.swift in Sources */ = {isa = PBXBuildFile; fileRef = BDAEBDB923425EF700EE5A22 /* AuthService.swift */; };
		BDEBED7C23282E6100C7B016 /* AppDelegate.swift in Sources */ = {isa = PBXBuildFile; fileRef = BDEBED7B23282E6100C7B016 /* AppDelegate.swift */; };
		BDEBED8123282E6100C7B016 /* Main.storyboard in Resources */ = {isa = PBXBuildFile; fileRef = BDEBED7F23282E6100C7B016 /* Main.storyboard */; };
		BDEBED8323282E6300C7B016 /* Assets.xcassets in Resources */ = {isa = PBXBuildFile; fileRef = BDEBED8223282E6300C7B016 /* Assets.xcassets */; };
		BDEBED8623282E6300C7B016 /* LaunchScreen.storyboard in Resources */ = {isa = PBXBuildFile; fileRef = BDEBED8423282E6300C7B016 /* LaunchScreen.storyboard */; };
		BDEBED9A23315B9A00C7B016 /* SWRevealViewController.m in Sources */ = {isa = PBXBuildFile; fileRef = BDEBED9923315B9A00C7B016 /* SWRevealViewController.m */; };
		BDEBEDA12331674900C7B016 /* ChatVC.swift in Sources */ = {isa = PBXBuildFile; fileRef = BDEBEDA02331674900C7B016 /* ChatVC.swift */; };
		BDEBEDA32331675A00C7B016 /* ChannelVC.swift in Sources */ = {isa = PBXBuildFile; fileRef = BDEBEDA22331675A00C7B016 /* ChannelVC.swift */; };
		BDEBEDA52332917300C7B016 /* GradientView.swift in Sources */ = {isa = PBXBuildFile; fileRef = BDEBEDA42332917300C7B016 /* GradientView.swift */; };
		BDEBEDA82336310C00C7B016 /* Constants.swift in Sources */ = {isa = PBXBuildFile; fileRef = BDEBEDA72336310C00C7B016 /* Constants.swift */; };
		BDEBEDAA23363CA800C7B016 /* LoginVC.swift in Sources */ = {isa = PBXBuildFile; fileRef = BDEBEDA923363CA800C7B016 /* LoginVC.swift */; };
		BDEBEDAC233646A000C7B016 /* CreateAccntVC.swift in Sources */ = {isa = PBXBuildFile; fileRef = BDEBEDAB233646A000C7B016 /* CreateAccntVC.swift */; };
		BDF9C7B2235252E900DAAC37 /* CircleImage.swift in Sources */ = {isa = PBXBuildFile; fileRef = BDF9C7B1235252E900DAAC37 /* CircleImage.swift */; };
/* End PBXBuildFile section */

/* Begin PBXFileReference section */
		1DDDC0A1103E73C26922E8F0 /* Pods-Hood.debug.xcconfig */ = {isa = PBXFileReference; includeInIndex = 1; lastKnownFileType = text.xcconfig; name = "Pods-Hood.debug.xcconfig"; path = "Pods/Target Support Files/Pods-Hood/Pods-Hood.debug.xcconfig"; sourceTree = "<group>"; };
		BCBC3E23FBEF1B6CA66F016F /* Pods-Hood.release.xcconfig */ = {isa = PBXFileReference; includeInIndex = 1; lastKnownFileType = text.xcconfig; name = "Pods-Hood.release.xcconfig"; path = "Pods/Target Support Files/Pods-Hood/Pods-Hood.release.xcconfig"; sourceTree = "<group>"; };
		BD011730235B6A4200C6AE0E /* ProfileVC.swift */ = {isa = PBXFileReference; lastKnownFileType = sourcecode.swift; path = ProfileVC.swift; sourceTree = "<group>"; };
		BD011731235B6A4200C6AE0E /* ProfileVC.xib */ = {isa = PBXFileReference; lastKnownFileType = file.xib; path = ProfileVC.xib; sourceTree = "<group>"; };
		BD4633FC2342734000655FFB /* RoundedButton.swift */ = {isa = PBXFileReference; lastKnownFileType = sourcecode.swift; path = RoundedButton.swift; sourceTree = "<group>"; };
		BD4633FE2347BD6F00655FFB /* UserDataService.swift */ = {isa = PBXFileReference; lastKnownFileType = sourcecode.swift; path = UserDataService.swift; sourceTree = "<group>"; };
		BD4634002347D19900655FFB /* AvatarControllerVC.swift */ = {isa = PBXFileReference; lastKnownFileType = sourcecode.swift; path = AvatarControllerVC.swift; sourceTree = "<group>"; };
		BD4634022348561000655FFB /* AvatarCell.swift */ = {isa = PBXFileReference; lastKnownFileType = sourcecode.swift; path = AvatarCell.swift; sourceTree = "<group>"; };
		BD6A3558235E3CF90024A876 /* MessageService.swift */ = {isa = PBXFileReference; lastKnownFileType = sourcecode.swift; path = MessageService.swift; sourceTree = "<group>"; };
		BD6A355A235E3D2B0024A876 /* Channel.swift */ = {isa = PBXFileReference; lastKnownFileType = sourcecode.swift; path = Channel.swift; sourceTree = "<group>"; };
		BD6A355C235F4B4A0024A876 /* ChannelCell.swift */ = {isa = PBXFileReference; lastKnownFileType = sourcecode.swift; path = ChannelCell.swift; sourceTree = "<group>"; };
		BD6A3564235F66E30024A876 /* AddChannelVC.swift */ = {isa = PBXFileReference; lastKnownFileType = sourcecode.swift; path = AddChannelVC.swift; sourceTree = "<group>"; };
		BD6A3565235F66E30024A876 /* AddChannelVC.xib */ = {isa = PBXFileReference; lastKnownFileType = file.xib; path = AddChannelVC.xib; sourceTree = "<group>"; };
		BD6A3568236434E80024A876 /* SocketService.swift */ = {isa = PBXFileReference; lastKnownFileType = sourcecode.swift; path = SocketService.swift; sourceTree = "<group>"; };
		BDAEBDB923425EF700EE5A22 /* AuthService.swift */ = {isa = PBXFileReference; lastKnownFileType = sourcecode.swift; path = AuthService.swift; sourceTree = "<group>"; };
		BDEBED7823282E6100C7B016 /* Hood.app */ = {isa = PBXFileReference; explicitFileType = wrapper.application; includeInIndex = 0; path = Hood.app; sourceTree = BUILT_PRODUCTS_DIR; };
		BDEBED7B23282E6100C7B016 /* AppDelegate.swift */ = {isa = PBXFileReference; lastKnownFileType = sourcecode.swift; path = AppDelegate.swift; sourceTree = "<group>"; };
		BDEBED8023282E6100C7B016 /* Base */ = {isa = PBXFileReference; lastKnownFileType = file.storyboard; name = Base; path = Base.lproj/Main.storyboard; sourceTree = "<group>"; };
		BDEBED8223282E6300C7B016 /* Assets.xcassets */ = {isa = PBXFileReference; lastKnownFileType = folder.assetcatalog; path = Assets.xcassets; sourceTree = "<group>"; };
		BDEBED8523282E6300C7B016 /* Base */ = {isa = PBXFileReference; lastKnownFileType = file.storyboard; name = Base; path = Base.lproj/LaunchScreen.storyboard; sourceTree = "<group>"; };
		BDEBED8723282E6300C7B016 /* Info.plist */ = {isa = PBXFileReference; lastKnownFileType = text.plist.xml; path = Info.plist; sourceTree = "<group>"; };
		BDEBED9723315B9900C7B016 /* Hood-Bridging-Header.h */ = {isa = PBXFileReference; lastKnownFileType = sourcecode.c.h; path = "Hood-Bridging-Header.h"; sourceTree = "<group>"; };
		BDEBED9823315B9A00C7B016 /* SWRevealViewController.h */ = {isa = PBXFileReference; fileEncoding = 4; lastKnownFileType = sourcecode.c.h; path = SWRevealViewController.h; sourceTree = "<group>"; };
		BDEBED9923315B9A00C7B016 /* SWRevealViewController.m */ = {isa = PBXFileReference; fileEncoding = 4; lastKnownFileType = sourcecode.c.objc; path = SWRevealViewController.m; sourceTree = "<group>"; };
		BDEBEDA02331674900C7B016 /* ChatVC.swift */ = {isa = PBXFileReference; lastKnownFileType = sourcecode.swift; path = ChatVC.swift; sourceTree = "<group>"; };
		BDEBEDA22331675A00C7B016 /* ChannelVC.swift */ = {isa = PBXFileReference; lastKnownFileType = sourcecode.swift; path = ChannelVC.swift; sourceTree = "<group>"; };
		BDEBEDA42332917300C7B016 /* GradientView.swift */ = {isa = PBXFileReference; lastKnownFileType = sourcecode.swift; path = GradientView.swift; sourceTree = "<group>"; };
		BDEBEDA72336310C00C7B016 /* Constants.swift */ = {isa = PBXFileReference; lastKnownFileType = sourcecode.swift; path = Constants.swift; sourceTree = "<group>"; };
		BDEBEDA923363CA800C7B016 /* LoginVC.swift */ = {isa = PBXFileReference; lastKnownFileType = sourcecode.swift; path = LoginVC.swift; sourceTree = "<group>"; };
		BDEBEDAB233646A000C7B016 /* CreateAccntVC.swift */ = {isa = PBXFileReference; lastKnownFileType = sourcecode.swift; path = CreateAccntVC.swift; sourceTree = "<group>"; };
		BDF9C7B1235252E900DAAC37 /* CircleImage.swift */ = {isa = PBXFileReference; lastKnownFileType = sourcecode.swift; path = CircleImage.swift; sourceTree = "<group>"; };
		BE854904FC67B43A89D2D976 /* Pods_Hood.framework */ = {isa = PBXFileReference; explicitFileType = wrapper.framework; includeInIndex = 0; path = Pods_Hood.framework; sourceTree = BUILT_PRODUCTS_DIR; };
/* End PBXFileReference section */

/* Begin PBXFrameworksBuildPhase section */
		BDEBED7523282E6100C7B016 /* Frameworks */ = {
			isa = PBXFrameworksBuildPhase;
			buildActionMask = 2147483647;
			files = (
				BB91B272BED9BF436CA19669 /* Pods_Hood.framework in Frameworks */,
			);
			runOnlyForDeploymentPostprocessing = 0;
		};
/* End PBXFrameworksBuildPhase section */

/* Begin PBXGroup section */
		BD011734235B6A6E00C6AE0E /* XIBs */ = {
			isa = PBXGroup;
			children = (
				BD011731235B6A4200C6AE0E /* ProfileVC.xib */,
				BD6A3565235F66E30024A876 /* AddChannelVC.xib */,
			);
			path = XIBs;
			sourceTree = "<group>";
		};
		BDAEBDB823425EBC00EE5A22 /* Services */ = {
			isa = PBXGroup;
			children = (
				BDAEBDB923425EF700EE5A22 /* AuthService.swift */,
				BD4633FE2347BD6F00655FFB /* UserDataService.swift */,
				BD6A3558235E3CF90024A876 /* MessageService.swift */,
				BD6A3568236434E80024A876 /* SocketService.swift */,
			);
			path = Services;
			sourceTree = "<group>";
		};
		BDEBED6F23282E6100C7B016 = {
			isa = PBXGroup;
			children = (
				BDEBED7A23282E6100C7B016 /* Hood */,
				BDEBED7923282E6100C7B016 /* Products */,
				BEE2A3122DB6300BF423C6C4 /* Pods */,
				C5E51F29AC2FE9216CCEA2DA /* Frameworks */,
			);
			sourceTree = "<group>";
		};
		BDEBED7923282E6100C7B016 /* Products */ = {
			isa = PBXGroup;
			children = (
				BDEBED7823282E6100C7B016 /* Hood.app */,
			);
			name = Products;
			sourceTree = "<group>";
		};
		BDEBED7A23282E6100C7B016 /* Hood */ = {
			isa = PBXGroup;
			children = (
				BD011734235B6A6E00C6AE0E /* XIBs */,
				BDAEBDB823425EBC00EE5A22 /* Services */,
				BDEBEDA6233630E500C7B016 /* Utilities */,
				BDEBED9F2331665200C7B016 /* Views */,
				BDEBED9E2331664C00C7B016 /* Models */,
				BDEBED9D2331664500C7B016 /* Controllers */,
				BDEBED93233154A600C7B016 /* Supporting Files */,
				BDEBED7B23282E6100C7B016 /* AppDelegate.swift */,
				BDEBED7F23282E6100C7B016 /* Main.storyboard */,
				BDEBED8223282E6300C7B016 /* Assets.xcassets */,
				BDEBED8423282E6300C7B016 /* LaunchScreen.storyboard */,
				BDEBED8723282E6300C7B016 /* Info.plist */,
			);
			path = Hood;
			sourceTree = "<group>";
		};
		BDEBED93233154A600C7B016 /* Supporting Files */ = {
			isa = PBXGroup;
			children = (
				BDEBED9823315B9A00C7B016 /* SWRevealViewController.h */,
				BDEBED9923315B9A00C7B016 /* SWRevealViewController.m */,
				BDEBED9723315B9900C7B016 /* Hood-Bridging-Header.h */,
			);
			name = "Supporting Files";
			path = "../Supporting Files";
			sourceTree = "<group>";
		};
		BDEBED9D2331664500C7B016 /* Controllers */ = {
			isa = PBXGroup;
			children = (
				BDEBEDA02331674900C7B016 /* ChatVC.swift */,
				BDEBEDA22331675A00C7B016 /* ChannelVC.swift */,
				BDEBEDA923363CA800C7B016 /* LoginVC.swift */,
				BDEBEDAB233646A000C7B016 /* CreateAccntVC.swift */,
				BD4634002347D19900655FFB /* AvatarControllerVC.swift */,
				BD011730235B6A4200C6AE0E /* ProfileVC.swift */,
				BD6A3564235F66E30024A876 /* AddChannelVC.swift */,
			);
			path = Controllers;
			sourceTree = "<group>";
		};
		BDEBED9E2331664C00C7B016 /* Models */ = {
			isa = PBXGroup;
			children = (
				BD6A355A235E3D2B0024A876 /* Channel.swift */,
			);
			path = Models;
			sourceTree = "<group>";
		};
		BDEBED9F2331665200C7B016 /* Views */ = {
			isa = PBXGroup;
			children = (
				BDEBEDA42332917300C7B016 /* GradientView.swift */,
				BD4633FC2342734000655FFB /* RoundedButton.swift */,
				BD4634022348561000655FFB /* AvatarCell.swift */,
				BDF9C7B1235252E900DAAC37 /* CircleImage.swift */,
				BD6A355C235F4B4A0024A876 /* ChannelCell.swift */,
			);
			path = Views;
			sourceTree = "<group>";
		};
		BDEBEDA6233630E500C7B016 /* Utilities */ = {
			isa = PBXGroup;
			children = (
				BDEBEDA72336310C00C7B016 /* Constants.swift */,
			);
			path = Utilities;
			sourceTree = "<group>";
		};
		BEE2A3122DB6300BF423C6C4 /* Pods */ = {
			isa = PBXGroup;
			children = (
				1DDDC0A1103E73C26922E8F0 /* Pods-Hood.debug.xcconfig */,
				BCBC3E23FBEF1B6CA66F016F /* Pods-Hood.release.xcconfig */,
			);
			name = Pods;
			sourceTree = "<group>";
		};
		C5E51F29AC2FE9216CCEA2DA /* Frameworks */ = {
			isa = PBXGroup;
			children = (
				BE854904FC67B43A89D2D976 /* Pods_Hood.framework */,
			);
			name = Frameworks;
			sourceTree = "<group>";
		};
/* End PBXGroup section */

/* Begin PBXNativeTarget section */
		BDEBED7723282E6100C7B016 /* Hood */ = {
			isa = PBXNativeTarget;
			buildConfigurationList = BDEBED8A23282E6300C7B016 /* Build configuration list for PBXNativeTarget "Hood" */;
			buildPhases = (
				8A689301FF82E33D81D4AAA9 /* [CP] Check Pods Manifest.lock */,
				BDEBED7423282E6100C7B016 /* Sources */,
				BDEBED7523282E6100C7B016 /* Frameworks */,
				BDEBED7623282E6100C7B016 /* Resources */,
				42329811485725DC17EF1067 /* [CP] Embed Pods Frameworks */,
			);
			buildRules = (
			);
			dependencies = (
			);
			name = Hood;
			productName = Hood;
			productReference = BDEBED7823282E6100C7B016 /* Hood.app */;
			productType = "com.apple.product-type.application";
		};
/* End PBXNativeTarget section */

/* Begin PBXProject section */
		BDEBED7023282E6100C7B016 /* Project object */ = {
			isa = PBXProject;
			attributes = {
				LastSwiftUpdateCheck = 1030;
				LastUpgradeCheck = 1030;
				ORGANIZATIONNAME = Nahid;
				TargetAttributes = {
					BDEBED7723282E6100C7B016 = {
						CreatedOnToolsVersion = 10.3;
						LastSwiftMigration = 1030;
					};
				};
			};
			buildConfigurationList = BDEBED7323282E6100C7B016 /* Build configuration list for PBXProject "Hood" */;
			compatibilityVersion = "Xcode 9.3";
			developmentRegion = en;
			hasScannedForEncodings = 0;
			knownRegions = (
				en,
				Base,
			);
			mainGroup = BDEBED6F23282E6100C7B016;
			productRefGroup = BDEBED7923282E6100C7B016 /* Products */;
			projectDirPath = "";
			projectRoot = "";
			targets = (
				BDEBED7723282E6100C7B016 /* Hood */,
			);
		};
/* End PBXProject section */

/* Begin PBXResourcesBuildPhase section */
		BDEBED7623282E6100C7B016 /* Resources */ = {
			isa = PBXResourcesBuildPhase;
			buildActionMask = 2147483647;
			files = (
				BD6A3567235F66E30024A876 /* AddChannelVC.xib in Resources */,
				BD011733235B6A4200C6AE0E /* ProfileVC.xib in Resources */,
				BDEBED8623282E6300C7B016 /* LaunchScreen.storyboard in Resources */,
				BDEBED8323282E6300C7B016 /* Assets.xcassets in Resources */,
				BDEBED8123282E6100C7B016 /* Main.storyboard in Resources */,
			);
			runOnlyForDeploymentPostprocessing = 0;
		};
/* End PBXResourcesBuildPhase section */

/* Begin PBXShellScriptBuildPhase section */
		42329811485725DC17EF1067 /* [CP] Embed Pods Frameworks */ = {
			isa = PBXShellScriptBuildPhase;
			buildActionMask = 2147483647;
			files = (
			);
			inputPaths = (
				"${SRCROOT}/Pods/Target Support Files/Pods-Hood/Pods-Hood-frameworks.sh",
				"${BUILT_PRODUCTS_DIR}/Alamofire/Alamofire.framework",
				"${BUILT_PRODUCTS_DIR}/Socket.IO-Client-Swift/SocketIO.framework",
				"${BUILT_PRODUCTS_DIR}/Starscream/Starscream.framework",
				"${BUILT_PRODUCTS_DIR}/SwiftyJSON/SwiftyJSON.framework",
			);
			name = "[CP] Embed Pods Frameworks";
			outputPaths = (
				"${TARGET_BUILD_DIR}/${FRAMEWORKS_FOLDER_PATH}/Alamofire.framework",
				"${TARGET_BUILD_DIR}/${FRAMEWORKS_FOLDER_PATH}/SocketIO.framework",
				"${TARGET_BUILD_DIR}/${FRAMEWORKS_FOLDER_PATH}/Starscream.framework",
				"${TARGET_BUILD_DIR}/${FRAMEWORKS_FOLDER_PATH}/SwiftyJSON.framework",
			);
			runOnlyForDeploymentPostprocessing = 0;
			shellPath = /bin/sh;
			shellScript = "\"${SRCROOT}/Pods/Target Support Files/Pods-Hood/Pods-Hood-frameworks.sh\"\n";
			showEnvVarsInLog = 0;
		};
		8A689301FF82E33D81D4AAA9 /* [CP] Check Pods Manifest.lock */ = {
			isa = PBXShellScriptBuildPhase;
			buildActionMask = 2147483647;
			files = (
			);
			inputPaths = (
				"${PODS_PODFILE_DIR_PATH}/Podfile.lock",
				"${PODS_ROOT}/Manifest.lock",
			);
			name = "[CP] Check Pods Manifest.lock";
			outputPaths = (
				"$(DERIVED_FILE_DIR)/Pods-Hood-checkManifestLockResult.txt",
			);
			runOnlyForDeploymentPostprocessing = 0;
			shellPath = /bin/sh;
			shellScript = "diff \"${PODS_PODFILE_DIR_PATH}/Podfile.lock\" \"${PODS_ROOT}/Manifest.lock\" > /dev/null\nif [ $? != 0 ] ; then\n    # print error to STDERR\n    echo \"error: The sandbox is not in sync with the Podfile.lock. Run 'pod install' or update your CocoaPods installation.\" >&2\n    exit 1\nfi\n# This output is used by Xcode 'outputs' to avoid re-running this script phase.\necho \"SUCCESS\" > \"${SCRIPT_OUTPUT_FILE_0}\"\n";
			showEnvVarsInLog = 0;
		};
/* End PBXShellScriptBuildPhase section */

/* Begin PBXSourcesBuildPhase section */
		BDEBED7423282E6100C7B016 /* Sources */ = {
			isa = PBXSourcesBuildPhase;
			buildActionMask = 2147483647;
			files = (
				BD6A3569236434E80024A876 /* SocketService.swift in Sources */,
				BD011732235B6A4200C6AE0E /* ProfileVC.swift in Sources */,
				BD6A355D235F4B4A0024A876 /* ChannelCell.swift in Sources */,
				BDEBEDA32331675A00C7B016 /* ChannelVC.swift in Sources */,
				BD4633FD2342734000655FFB /* RoundedButton.swift in Sources */,
				BDEBEDA12331674900C7B016 /* ChatVC.swift in Sources */,
				BD6A355B235E3D2B0024A876 /* Channel.swift in Sources */,
				BDF9C7B2235252E900DAAC37 /* CircleImage.swift in Sources */,
				BD6A3559235E3CF90024A876 /* MessageService.swift in Sources */,
				BD4634012347D19900655FFB /* AvatarControllerVC.swift in Sources */,
				BD4633FF2347BD6F00655FFB /* UserDataService.swift in Sources */,
				BDEBEDAC233646A000C7B016 /* CreateAccntVC.swift in Sources */,
				BDAEBDBA23425EF700EE5A22 /* AuthService.swift in Sources */,
				BDEBEDA52332917300C7B016 /* GradientView.swift in Sources */,
				BD6A3566235F66E30024A876 /* AddChannelVC.swift in Sources */,
				BDEBED7C23282E6100C7B016 /* AppDelegate.swift in Sources */,
				BD4634032348561000655FFB /* AvatarCell.swift in Sources */,
				BDEBED9A23315B9A00C7B016 /* SWRevealViewController.m in Sources */,
				BDEBEDA82336310C00C7B016 /* Constants.swift in Sources */,
				BDEBEDAA23363CA800C7B016 /* LoginVC.swift in Sources */,
			);
			runOnlyForDeploymentPostprocessing = 0;
		};
/* End PBXSourcesBuildPhase section */

/* Begin PBXVariantGroup section */
		BDEBED7F23282E6100C7B016 /* Main.storyboard */ = {
			isa = PBXVariantGroup;
			children = (
				BDEBED8023282E6100C7B016 /* Base */,
			);
			name = Main.storyboard;
			sourceTree = "<group>";
		};
		BDEBED8423282E6300C7B016 /* LaunchScreen.storyboard */ = {
			isa = PBXVariantGroup;
			children = (
				BDEBED8523282E6300C7B016 /* Base */,
			);
			name = LaunchScreen.storyboard;
			sourceTree = "<group>";
		};
/* End PBXVariantGroup section */

/* Begin XCBuildConfiguration section */
		BDEBED8823282E6300C7B016 /* Debug */ = {
			isa = XCBuildConfiguration;
			buildSettings = {
				ALWAYS_SEARCH_USER_PATHS = NO;
				CLANG_ANALYZER_NONNULL = YES;
				CLANG_ANALYZER_NUMBER_OBJECT_CONVERSION = YES_AGGRESSIVE;
				CLANG_CXX_LANGUAGE_STANDARD = "gnu++14";
				CLANG_CXX_LIBRARY = "libc++";
				CLANG_ENABLE_MODULES = YES;
				CLANG_ENABLE_OBJC_ARC = YES;
				CLANG_ENABLE_OBJC_WEAK = YES;
				CLANG_WARN_BLOCK_CAPTURE_AUTORELEASING = YES;
				CLANG_WARN_BOOL_CONVERSION = YES;
				CLANG_WARN_COMMA = YES;
				CLANG_WARN_CONSTANT_CONVERSION = YES;
				CLANG_WARN_DEPRECATED_OBJC_IMPLEMENTATIONS = YES;
				CLANG_WARN_DIRECT_OBJC_ISA_USAGE = YES_ERROR;
				CLANG_WARN_DOCUMENTATION_COMMENTS = YES;
				CLANG_WARN_EMPTY_BODY = YES;
				CLANG_WARN_ENUM_CONVERSION = YES;
				CLANG_WARN_INFINITE_RECURSION = YES;
				CLANG_WARN_INT_CONVERSION = YES;
				CLANG_WARN_NON_LITERAL_NULL_CONVERSION = YES;
				CLANG_WARN_OBJC_IMPLICIT_RETAIN_SELF = YES;
				CLANG_WARN_OBJC_LITERAL_CONVERSION = YES;
				CLANG_WARN_OBJC_ROOT_CLASS = YES_ERROR;
				CLANG_WARN_RANGE_LOOP_ANALYSIS = YES;
				CLANG_WARN_STRICT_PROTOTYPES = YES;
				CLANG_WARN_SUSPICIOUS_MOVE = YES;
				CLANG_WARN_UNGUARDED_AVAILABILITY = YES_AGGRESSIVE;
				CLANG_WARN_UNREACHABLE_CODE = YES;
				CLANG_WARN__DUPLICATE_METHOD_MATCH = YES;
				CODE_SIGN_IDENTITY = "iPhone Developer";
				COPY_PHASE_STRIP = NO;
				DEBUG_INFORMATION_FORMAT = dwarf;
				ENABLE_STRICT_OBJC_MSGSEND = YES;
				ENABLE_TESTABILITY = YES;
				GCC_C_LANGUAGE_STANDARD = gnu11;
				GCC_DYNAMIC_NO_PIC = NO;
				GCC_NO_COMMON_BLOCKS = YES;
				GCC_OPTIMIZATION_LEVEL = 0;
				GCC_PREPROCESSOR_DEFINITIONS = (
					"DEBUG=1",
					"$(inherited)",
				);
				GCC_WARN_64_TO_32_BIT_CONVERSION = YES;
				GCC_WARN_ABOUT_RETURN_TYPE = YES_ERROR;
				GCC_WARN_UNDECLARED_SELECTOR = YES;
				GCC_WARN_UNINITIALIZED_AUTOS = YES_AGGRESSIVE;
				GCC_WARN_UNUSED_FUNCTION = YES;
				GCC_WARN_UNUSED_VARIABLE = YES;
				IPHONEOS_DEPLOYMENT_TARGET = 12.4;
				MTL_ENABLE_DEBUG_INFO = INCLUDE_SOURCE;
				MTL_FAST_MATH = YES;
				ONLY_ACTIVE_ARCH = YES;
				SDKROOT = iphoneos;
				SWIFT_ACTIVE_COMPILATION_CONDITIONS = DEBUG;
				SWIFT_OPTIMIZATION_LEVEL = "-Onone";
			};
			name = Debug;
		};
		BDEBED8923282E6300C7B016 /* Release */ = {
			isa = XCBuildConfiguration;
			buildSettings = {
				ALWAYS_SEARCH_USER_PATHS = NO;
				CLANG_ANALYZER_NONNULL = YES;
				CLANG_ANALYZER_NUMBER_OBJECT_CONVERSION = YES_AGGRESSIVE;
				CLANG_CXX_LANGUAGE_STANDARD = "gnu++14";
				CLANG_CXX_LIBRARY = "libc++";
				CLANG_ENABLE_MODULES = YES;
				CLANG_ENABLE_OBJC_ARC = YES;
				CLANG_ENABLE_OBJC_WEAK = YES;
				CLANG_WARN_BLOCK_CAPTURE_AUTORELEASING = YES;
				CLANG_WARN_BOOL_CONVERSION = YES;
				CLANG_WARN_COMMA = YES;
				CLANG_WARN_CONSTANT_CONVERSION = YES;
				CLANG_WARN_DEPRECATED_OBJC_IMPLEMENTATIONS = YES;
				CLANG_WARN_DIRECT_OBJC_ISA_USAGE = YES_ERROR;
				CLANG_WARN_DOCUMENTATION_COMMENTS = YES;
				CLANG_WARN_EMPTY_BODY = YES;
				CLANG_WARN_ENUM_CONVERSION = YES;
				CLANG_WARN_INFINITE_RECURSION = YES;
				CLANG_WARN_INT_CONVERSION = YES;
				CLANG_WARN_NON_LITERAL_NULL_CONVERSION = YES;
				CLANG_WARN_OBJC_IMPLICIT_RETAIN_SELF = YES;
				CLANG_WARN_OBJC_LITERAL_CONVERSION = YES;
				CLANG_WARN_OBJC_ROOT_CLASS = YES_ERROR;
				CLANG_WARN_RANGE_LOOP_ANALYSIS = YES;
				CLANG_WARN_STRICT_PROTOTYPES = YES;
				CLANG_WARN_SUSPICIOUS_MOVE = YES;
				CLANG_WARN_UNGUARDED_AVAILABILITY = YES_AGGRESSIVE;
				CLANG_WARN_UNREACHABLE_CODE = YES;
				CLANG_WARN__DUPLICATE_METHOD_MATCH = YES;
				CODE_SIGN_IDENTITY = "iPhone Developer";
				COPY_PHASE_STRIP = NO;
				DEBUG_INFORMATION_FORMAT = "dwarf-with-dsym";
				ENABLE_NS_ASSERTIONS = NO;
				ENABLE_STRICT_OBJC_MSGSEND = YES;
				GCC_C_LANGUAGE_STANDARD = gnu11;
				GCC_NO_COMMON_BLOCKS = YES;
				GCC_WARN_64_TO_32_BIT_CONVERSION = YES;
				GCC_WARN_ABOUT_RETURN_TYPE = YES_ERROR;
				GCC_WARN_UNDECLARED_SELECTOR = YES;
				GCC_WARN_UNINITIALIZED_AUTOS = YES_AGGRESSIVE;
				GCC_WARN_UNUSED_FUNCTION = YES;
				GCC_WARN_UNUSED_VARIABLE = YES;
				IPHONEOS_DEPLOYMENT_TARGET = 12.4;
				MTL_ENABLE_DEBUG_INFO = NO;
				MTL_FAST_MATH = YES;
				SDKROOT = iphoneos;
				SWIFT_COMPILATION_MODE = wholemodule;
				SWIFT_OPTIMIZATION_LEVEL = "-O";
				VALIDATE_PRODUCT = YES;
			};
			name = Release;
		};
		BDEBED8B23282E6300C7B016 /* Debug */ = {
			isa = XCBuildConfiguration;
			baseConfigurationReference = 1DDDC0A1103E73C26922E8F0 /* Pods-Hood.debug.xcconfig */;
			buildSettings = {
				ASSETCATALOG_COMPILER_APPICON_NAME = AppIcon;
				CLANG_ENABLE_MODULES = YES;
				CODE_SIGN_STYLE = Automatic;
				DEVELOPMENT_TEAM = CPW849W344;
				INFOPLIST_FILE = Hood/Info.plist;
				LD_RUNPATH_SEARCH_PATHS = (
					"$(inherited)",
					"@executable_path/Frameworks",
				);
				PRODUCT_BUNDLE_IDENTIFIER = app.nahid.Hood;
				PRODUCT_NAME = "$(TARGET_NAME)";
				SWIFT_OBJC_BRIDGING_HEADER = "Supporting Files/Hood-Bridging-Header.h";
				SWIFT_OPTIMIZATION_LEVEL = "-Onone";
				SWIFT_VERSION = 5.0;
				TARGETED_DEVICE_FAMILY = "1,2";
			};
			name = Debug;
		};
		BDEBED8C23282E6300C7B016 /* Release */ = {
			isa = XCBuildConfiguration;
			baseConfigurationReference = BCBC3E23FBEF1B6CA66F016F /* Pods-Hood.release.xcconfig */;
			buildSettings = {
				ASSETCATALOG_COMPILER_APPICON_NAME = AppIcon;
				CLANG_ENABLE_MODULES = YES;
				CODE_SIGN_STYLE = Automatic;
				DEVELOPMENT_TEAM = CPW849W344;
				INFOPLIST_FILE = Hood/Info.plist;
				LD_RUNPATH_SEARCH_PATHS = (
					"$(inherited)",
					"@executable_path/Frameworks",
				);
				PRODUCT_BUNDLE_IDENTIFIER = app.nahid.Hood;
				PRODUCT_NAME = "$(TARGET_NAME)";
				SWIFT_OBJC_BRIDGING_HEADER = "Supporting Files/Hood-Bridging-Header.h";
				SWIFT_VERSION = 5.0;
				TARGETED_DEVICE_FAMILY = "1,2";
			};
			name = Release;
		};
/* End XCBuildConfiguration section */

/* Begin XCConfigurationList section */
		BDEBED7323282E6100C7B016 /* Build configuration list for PBXProject "Hood" */ = {
			isa = XCConfigurationList;
			buildConfigurations = (
				BDEBED8823282E6300C7B016 /* Debug */,
				BDEBED8923282E6300C7B016 /* Release */,
			);
			defaultConfigurationIsVisible = 0;
			defaultConfigurationName = Release;
		};
		BDEBED8A23282E6300C7B016 /* Build configuration list for PBXNativeTarget "Hood" */ = {
			isa = XCConfigurationList;
			buildConfigurations = (
				BDEBED8B23282E6300C7B016 /* Debug */,
				BDEBED8C23282E6300C7B016 /* Release */,
			);
			defaultConfigurationIsVisible = 0;
			defaultConfigurationName = Release;
		};
/* End XCConfigurationList section */
	};
	rootObject = BDEBED7023282E6100C7B016 /* Project object */;
}
